
Microsoft Visual Studio Solution File, Format Version 12.00
# Visual Studio Version 16
VisualStudioVersion = 16.0.31702.278
MinimumVisualStudioVersion = 10.0.40219.1
Project("{8BC9CEB8-8B4A-11D0-8D11-00A0C91BC942}") = "wrappem", "wrappem.vcxproj", "{167D31E0-BA3C-47C3-A93F-D3008C23FEFF}"
EndProject
Global
	GlobalSection(SolutionConfigurationPlatforms) = preSolution
		Debug|x64 = Debug|x64
		Debug|x86 = Debug|x86
		Release|x64 = Release|x64
		Release|x86 = Release|x86
	EndGlobalSection
	GlobalSection(ProjectConfigurationPlatforms) = postSolution
		{167D31E0-BA3C-47C3-A93F-D3008C23FEFF}.Debug|x64.ActiveCfg = Debug|x64
		{167D31E0-BA3C-47C3-A93F-D3008C23FEFF}.Debug|x64.Build.0 = Debug|x64
		{167D31E0-BA3C-47C3-A93F-D3008C23FEFF}.Debug|x86.ActiveCfg = Debug|Win32
		{167D31E0-BA3C-47C3-A93F-D3008C23FEFF}.Debug|x86.Build.0 = Debug|Win32
		{167D31E0-BA3C-47C3-A93F-D3008C23FEFF}.Release|x64.ActiveCfg = Release|x64
		{167D31E0-BA3C-47C3-A93F-D3008C23FEFF}.Release|x64.Build.0 = Release|x64
		{167D31E0-BA3C-47C3-A93F-D3008C23FEFF}.Release|x86.ActiveCfg = Release|Win32
		{167D31E0-BA3C-47C3-A93F-D3008C23FEFF}.Release|x86.Build.0 = Release|Win32
	EndGlobalSection
	GlobalSection(SolutionProperties) = preSolution
		HideSolutionNode = FALSE
	EndGlobalSection
	GlobalSection(ExtensibilityGlobals) = postSolution
		SolutionGuid = {5E80DD26-3C66-4BC8-80DD-F3A9114758C6}
	EndGlobalSection
EndGlobal
